PODS:
  - Flutter (1.0.0)
  - google_mlkit_commons (0.13.0):
    - Flutter
    - MLKitVision (~> 10.0.0)
  - google_mlkit_object_detection (0.17.1):
    - Flutter
    - google_mlkit_commons
    - GoogleMLKit/ObjectDetection (~> 9.0.0)
    - GoogleMLKit/ObjectDetectionCustom (~> 9.0.0)
  - GoogleDataTransport (10.1.1):
    - nanopb (~> 3.30910.0)
    - PromisesObjC (~> 2.4)
  - GoogleMLKit/MLKitCore (9.0.0):
    - MLKitCommon (~> 14.0.0)
  - GoogleMLKit/ObjectDetection (9.0.0):
    - GoogleMLKit/MLKitCore
    - MLKitObjectDetection (~> 8.0.0)
  - GoogleMLKit/ObjectDetectionCustom (9.0.0):
    - GoogleMLKit/MLKitCore
    - MLKitObjectDetectionCustom (~> 8.0.0)
  - GoogleToolboxForMac/Defines (4.2.1)
  - GoogleToolboxForMac/Logger (4.2.1):
    - GoogleToolboxForMac/Defines (= 4.2.1)
  - "GoogleToolboxForMac/NSData+zlib (4.2.1)":
    - GoogleToolboxForMac/Defines (= 4.2.1)
  - GoogleUtilities/Environment (8.1.0):
    - GoogleUtilities/Privacy
  - GoogleUtilities/Logger (8.1.0):
    - GoogleUtilities/Environment
    - GoogleUtilities/Privacy
  - GoogleUtilities/Privacy (8.1.0)
  - GoogleUtilities/UserDefaults (8.1.0):
    - GoogleUtilities/Logger
    - GoogleUtilities/Privacy
  - GTMSessionFetcher/Core (3.5.0)
  - MLImage (1.0.0-beta8)
  - MLKitCommon (14.0.0):
    - GoogleDataTransport (~> 10.0)
    - GoogleToolboxForMac/Logger (< 5.0, >= 4.2.1)
    - "GoogleToolboxForMac/NSData+zlib (< 5.0, >= 4.2.1)"
    - GoogleUtilities/Logger (~> 8.0)
    - GoogleUtilities/UserDefaults (~> 8.0)
    - GTMSessionFetcher/Core (< 4.0, >= 3.3.2)
  - MLKitImageLabelingCommon (10.0.0):
    - MLKitCommon (~> 14.0)
    - MLKitVision (~> 10.0)
  - MLKitObjectDetection (8.0.0):
    - MLKitCommon (~> 14.0)
    - MLKitObjectDetectionCommon (~> 10.0)
    - MLKitVision (~> 10.0)
    - MLKitVisionKit (~> 11.0)
  - MLKitObjectDetectionCommon (10.0.0):
    - MLKitCommon (~> 14.0)
    - MLKitVision (~> 10.0)
  - MLKitObjectDetectionCustom (8.0.0):
    - MLKitCommon (~> 14.0)
    - MLKitObjectDetectionCommon (~> 10.0)
    - MLKitVision (~> 10.0)
    - MLKitVisionKit (~> 11.0)
  - MLKitVision (10.0.0):
    - GoogleToolboxForMac/Logger (< 5.0, >= 4.2.1)
    - "GoogleToolboxForMac/NSData+zlib (< 5.0, >= 4.2.1)"
    - GTMSessionFetcher/Core (< 4.0, >= 3.3.2)
    - MLImage (= 1.0.0-beta8)
    - MLKitCommon (~> 14.0)
  - MLKitVisionKit (11.0.0):
    - MLKitCommon (~> 14.0)
    - MLKitImageLabelingCommon (~> 10.0)
    - MLKitObjectDetectionCommon (~> 10.0)
    - MLKitVision (~> 10.0)
  - nanopb (3.30910.0):
    - nanopb/decode (= 3.30910.0)
    - nanopb/encode (= 3.30910.0)
  - nanopb/decode (3.30910.0)
  - nanopb/encode (3.30910.0)
  - PromisesObjC (2.4.0)

DEPENDENCIES:
  - Flutter (from `Flutter`)
  - google_mlkit_commons (from `.symlinks/plugins/google_mlkit_commons/ios`)
  - google_mlkit_object_detection (from `.symlinks/plugins/google_mlkit_object_detection/ios`)

SPEC REPOS:
  trunk:
    - GoogleDataTransport
    - GoogleMLKit
    - GoogleToolboxForMac
    - GoogleUtilities
    - GTMSessionFetcher
    - MLImage
    - MLKitCommon
    - MLKitImageLabelingCommon
    - MLKitObjectDetection
    - MLKitObjectDetectionCommon
    - MLKitObjectDetectionCustom
    - MLKitVision
    - MLKitVisionKit
    - nanopb
    - PromisesObjC

EXTERNAL SOURCES:
  Flutter:
    :path: Flutter
  google_mlkit_commons:
    :path: ".symlinks/plugins/google_mlkit_commons/ios"
  google_mlkit_object_detection:
    :path: ".symlinks/plugins/google_mlkit_object_detection/ios"

SPEC CHECKSUMS:
  Flutter: 71a624a5bc0c04062bf19101d501e466baf2fb47
  google_mlkit_commons: b2c0a76e7ef4ff555e70e5d71f21d66ce3d08a97
  google_mlkit_object_detection: 4cc6a299b65bd8272030f8a19d270043d1eba4d7
  GoogleDataTransport: a24e58982ab3ba2f64d79613e027fe7f57e88539
  GoogleMLKit: b1eee21a41c57704fe72483b15c85cb2c0cd7444
  GoogleToolboxForMac: d1a2cbf009c453f4d6ded37c105e2f67a32206d8
  GoogleUtilities: 00c88b9a86066ef77f0da2fab05f65d7768ed8e1
  GTMSessionFetcher: 5aea5ba6bd522a239e236100971f10cb71b96ab6
  MLImage: 0de5c6c2bf9e93b80ef752e2797f0836f03b58c0
  MLKitCommon: 47d47b50a031d00db62f1b0efe5a1d8b09a3b2e6
  MLKitImageLabelingCommon: 616b0c69b3e302720cfb65903da50dc2e697b915
  MLKitObjectDetection: c6346f1e6fd945d9a1a993104184e886bda6e0f6
  MLKitObjectDetectionCommon: 0639341c7cbb44327dac9a23c473d2484d3169dd
  MLKitObjectDetectionCustom: a210309c7d2a0c08b0ce7b9ef3e8d36027c96978
  MLKitVision: 39a5a812db83c4a0794445088e567f3631c11961
  MLKitVisionKit: 316cd349468797ef4e7fd785bf658ca838984de3
  nanopb: fad817b59e0457d11a5dfbde799381cd727c1275
  PromisesObjC: f5707f49cb48b9636751c5b2e7d227e43fba9f47

PODFILE CHECKSUM: 9580a49fa2c095d51100c20f258df867100b916b

COCOAPODS: 1.16.2
